
Microsoft Visual Studio Solution File, Format Version 12.00
# Visual Studio 15
VisualStudioVersion = 15.0.26228.9
MinimumVisualStudioVersion = 10.0.40219.1
Project("{9A19103F-16F7-4668-BE54-9A1E7A4F7556}") = "Xrm.Tools.WebAPI.Core", "Xrm.Tools.WebAPI.Core.csproj", "{34DA42DF-002F-46FE-A087-26C8B516ECB1}"
EndProject
Project("{FAE04EC0-301F-11D3-BF4B-00C04F79EFBC}") = "Xrm.Tools.WebAPI.Standard", "..\Xrm.Tools.WebAPI.Standard\Xrm.Tools.WebAPI.Standard.csproj", "{F5BACF79-BBCA-407F-A46F-00CBC9227800}"
EndProject
Global
	GlobalSection(SolutionConfigurationPlatforms) = preSolution
		Debug|Any CPU = Debug|Any CPU
		Debug|x64 = Debug|x64
		Debug|x86 = Debug|x86
		Release|Any CPU = Release|Any CPU
		Release|x64 = Release|x64
		Release|x86 = Release|x86
	EndGlobalSection
	GlobalSection(ProjectConfigurationPlatforms) = postSolution
		{34DA42DF-002F-46FE-A087-26C8B516ECB1}.Debug|Any CPU.ActiveCfg = Debug|Any CPU
		{34DA42DF-002F-46FE-A087-26C8B516ECB1}.Debug|Any CPU.Build.0 = Debug|Any CPU
		{34DA42DF-002F-46FE-A087-26C8B516ECB1}.Debug|x64.ActiveCfg = Debug|Any CPU
		{34DA42DF-002F-46FE-A087-26C8B516ECB1}.Debug|x64.Build.0 = Debug|Any CPU
		{34DA42DF-002F-46FE-A087-26C8B516ECB1}.Debug|x86.ActiveCfg = Debug|Any CPU
		{34DA42DF-002F-46FE-A087-26C8B516ECB1}.Debug|x86.Build.0 = Debug|Any CPU
		{34DA42DF-002F-46FE-A087-26C8B516ECB1}.Release|Any CPU.ActiveCfg = Release|Any CPU
		{34DA42DF-002F-46FE-A087-26C8B516ECB1}.Release|Any CPU.Build.0 = Release|Any CPU
		{34DA42DF-002F-46FE-A087-26C8B516ECB1}.Release|x64.ActiveCfg = Release|Any CPU
		{34DA42DF-002F-46FE-A087-26C8B516ECB1}.Release|x64.Build.0 = Release|Any CPU
		{34DA42DF-002F-46FE-A087-26C8B516ECB1}.Release|x86.ActiveCfg = Release|Any CPU
		{34DA42DF-002F-46FE-A087-26C8B516ECB1}.Release|x86.Build.0 = Release|Any CPU
		{F5BACF79-BBCA-407F-A46F-00CBC9227800}.Debug|Any CPU.ActiveCfg = Debug|Any CPU
		{F5BACF79-BBCA-407F-A46F-00CBC9227800}.Debug|Any CPU.Build.0 = Debug|Any CPU
		{F5BACF79-BBCA-407F-A46F-00CBC9227800}.Debug|x64.ActiveCfg = Debug|Any CPU
		{F5BACF79-BBCA-407F-A46F-00CBC9227800}.Debug|x64.Build.0 = Debug|Any CPU
		{F5BACF79-BBCA-407F-A46F-00CBC9227800}.Debug|x86.ActiveCfg = Debug|Any CPU
		{F5BACF79-BBCA-407F-A46F-00CBC9227800}.Debug|x86.Build.0 = Debug|Any CPU
		{F5BACF79-BBCA-407F-A46F-00CBC9227800}.Release|Any CPU.ActiveCfg = Release|Any CPU
		{F5BACF79-BBCA-407F-A46F-00CBC9227800}.Release|Any CPU.Build.0 = Release|Any CPU
		{F5BACF79-BBCA-407F-A46F-00CBC9227800}.Release|x64.ActiveCfg = Release|Any CPU
		{F5BACF79-BBCA-407F-A46F-00CBC9227800}.Release|x64.Build.0 = Release|Any CPU
		{F5BACF79-BBCA-407F-A46F-00CBC9227800}.Release|x86.ActiveCfg = Release|Any CPU
		{F5BACF79-BBCA-407F-A46F-00CBC9227800}.Release|x86.Build.0 = Release|Any CPU
	EndGlobalSection
	GlobalSection(SolutionProperties) = preSolution
		HideSolutionNode = FALSE
	EndGlobalSection
EndGlobal
